
Microsoft Visual Studio Solution File, Format Version 12.00
# Visual Studio Version 17
VisualStudioVersion = 17.5.2.0
MinimumVisualStudioVersion = 10.0.40219.1
Project("{2150E333-8FDC-42A3-9474-1A3956D46DE8}") = "src", "src", "{827E0CD3-B72D-47B6-A68D-7590B98EB39B}"
EndProject
Project("{2150E333-8FDC-42A3-9474-1A3956D46DE8}") = "api", "api", "{81034408-37C8-1011-444E-4C15C2FADA8E}"
EndProject
Project("{FAE04EC0-301F-11D3-BF4B-00C04F79EFBC}") = "TCG.FreightBroker.Api", "src\api\TCG.FreightBroker.Api\TCG.FreightBroker.Api.csproj", "{95174849-F4F9-47F6-A7D8-6D3ECC11D6DF}"
EndProject
Project("{FAE04EC0-301F-11D3-BF4B-00C04F79EFBC}") = "TCG.FreightBroker.Application", "src\api\TCG.FreightBroker.Application\TCG.FreightBroker.Application.csproj", "{30D79668-C19D-421E-AD90-D16BD310CF61}"
EndProject
Project("{FAE04EC0-301F-11D3-BF4B-00C04F79EFBC}") = "TCG.FreightBroker.Contracts", "src\api\TCG.FreightBroker.Contracts\TCG.FreightBroker.Contracts.csproj", "{566863A8-2B36-4352-9F6B-810C3D7D7552}"
EndProject
Project("{FAE04EC0-301F-11D3-BF4B-00C04F79EFBC}") = "TCG.FreightBroker.Domain", "src\api\TCG.FreightBroker.Domain\TCG.FreightBroker.Domain.csproj", "{E567114F-080A-4F6B-9214-BA89BB2C0D5E}"
EndProject
Project("{FAE04EC0-301F-11D3-BF4B-00C04F79EFBC}") = "TCG.FreightBroker.Infrastructure", "src\api\TCG.FreightBroker.Infrastructure\TCG.FreightBroker.Infrastructure.csproj", "{782DE10A-0B97-4FB0-B7C2-59F4EB3E8CC0}"
EndProject
Project("{2150E333-8FDC-42A3-9474-1A3956D46DE8}") = "tests", "tests", "{0AB3BF05-4346-4AA6-1389-037BE0695223}"
EndProject
Project("{FAE04EC0-301F-11D3-BF4B-00C04F79EFBC}") = "TCG.FreightBroker.Api.Tests", "tests\TCG.FreightBroker.Api.Tests\TCG.FreightBroker.Api.Tests.csproj", "{81C27D13-0147-4A2E-B866-184B69EC5932}"
EndProject
Project("{FAE04EC0-301F-11D3-BF4B-00C04F79EFBC}") = "TCG.FreightBroker.Application.Tests", "tests\TCG.FreightBroker.Application.Tests\TCG.FreightBroker.Application.Tests.csproj", "{FF8DC268-3CD7-4CF5-AB47-71371B4F2DB1}"
EndProject
Project("{FAE04EC0-301F-11D3-BF4B-00C04F79EFBC}") = "TCG.FreightBroker.Domain.Tests", "tests\TCG.FreightBroker.Domain.Tests\TCG.FreightBroker.Domain.Tests.csproj", "{80D44208-42FE-41BC-836A-3988D7A6DE6B}"
EndProject
Project("{FAE04EC0-301F-11D3-BF4B-00C04F79EFBC}") = "TCG.FreightBroker.Infrastructure.Tests", "tests\TCG.FreightBroker.Infrastructure.Tests\TCG.FreightBroker.Infrastructure.Tests.csproj", "{40B3F2FC-3760-48AD-9F65-CF2D91CB4E98}"
EndProject
Global
	GlobalSection(SolutionConfigurationPlatforms) = preSolution
		Debug|Any CPU = Debug|Any CPU
		Debug|x64 = Debug|x64
		Debug|x86 = Debug|x86
		Release|Any CPU = Release|Any CPU
		Release|x64 = Release|x64
		Release|x86 = Release|x86
	EndGlobalSection
	GlobalSection(ProjectConfigurationPlatforms) = postSolution
		{95174849-F4F9-47F6-A7D8-6D3ECC11D6DF}.Debug|Any CPU.ActiveCfg = Debug|Any CPU
		{95174849-F4F9-47F6-A7D8-6D3ECC11D6DF}.Debug|Any CPU.Build.0 = Debug|Any CPU
		{95174849-F4F9-47F6-A7D8-6D3ECC11D6DF}.Debug|x64.ActiveCfg = Debug|Any CPU
		{95174849-F4F9-47F6-A7D8-6D3ECC11D6DF}.Debug|x64.Build.0 = Debug|Any CPU
		{95174849-F4F9-47F6-A7D8-6D3ECC11D6DF}.Debug|x86.ActiveCfg = Debug|Any CPU
		{95174849-F4F9-47F6-A7D8-6D3ECC11D6DF}.Debug|x86.Build.0 = Debug|Any CPU
		{95174849-F4F9-47F6-A7D8-6D3ECC11D6DF}.Release|Any CPU.ActiveCfg = Release|Any CPU
		{95174849-F4F9-47F6-A7D8-6D3ECC11D6DF}.Release|Any CPU.Build.0 = Release|Any CPU
		{95174849-F4F9-47F6-A7D8-6D3ECC11D6DF}.Release|x64.ActiveCfg = Release|Any CPU
		{95174849-F4F9-47F6-A7D8-6D3ECC11D6DF}.Release|x64.Build.0 = Release|Any CPU
		{95174849-F4F9-47F6-A7D8-6D3ECC11D6DF}.Release|x86.ActiveCfg = Release|Any CPU
		{95174849-F4F9-47F6-A7D8-6D3ECC11D6DF}.Release|x86.Build.0 = Release|Any CPU
		{30D79668-C19D-421E-AD90-D16BD310CF61}.Debug|Any CPU.ActiveCfg = Debug|Any CPU
		{30D79668-C19D-421E-AD90-D16BD310CF61}.Debug|Any CPU.Build.0 = Debug|Any CPU
		{30D79668-C19D-421E-AD90-D16BD310CF61}.Debug|x64.ActiveCfg = Debug|Any CPU
		{30D79668-C19D-421E-AD90-D16BD310CF61}.Debug|x64.Build.0 = Debug|Any CPU
		{30D79668-C19D-421E-AD90-D16BD310CF61}.Debug|x86.ActiveCfg = Debug|Any CPU
		{30D79668-C19D-421E-AD90-D16BD310CF61}.Debug|x86.Build.0 = Debug|Any CPU
		{30D79668-C19D-421E-AD90-D16BD310CF61}.Release|Any CPU.ActiveCfg = Release|Any CPU
		{30D79668-C19D-421E-AD90-D16BD310CF61}.Release|Any CPU.Build.0 = Release|Any CPU
		{30D79668-C19D-421E-AD90-D16BD310CF61}.Release|x64.ActiveCfg = Release|Any CPU
		{30D79668-C19D-421E-AD90-D16BD310CF61}.Release|x64.Build.0 = Release|Any CPU
		{30D79668-C19D-421E-AD90-D16BD310CF61}.Release|x86.ActiveCfg = Release|Any CPU
		{30D79668-C19D-421E-AD90-D16BD310CF61}.Release|x86.Build.0 = Release|Any CPU
		{566863A8-2B36-4352-9F6B-810C3D7D7552}.Debug|Any CPU.ActiveCfg = Debug|Any CPU
		{566863A8-2B36-4352-9F6B-810C3D7D7552}.Debug|Any CPU.Build.0 = Debug|Any CPU
		{566863A8-2B36-4352-9F6B-810C3D7D7552}.Debug|x64.ActiveCfg = Debug|Any CPU
		{566863A8-2B36-4352-9F6B-810C3D7D7552}.Debug|x64.Build.0 = Debug|Any CPU
		{566863A8-2B36-4352-9F6B-810C3D7D7552}.Debug|x86.ActiveCfg = Debug|Any CPU
		{566863A8-2B36-4352-9F6B-810C3D7D7552}.Debug|x86.Build.0 = Debug|Any CPU
		{566863A8-2B36-4352-9F6B-810C3D7D7552}.Release|Any CPU.ActiveCfg = Release|Any CPU
		{566863A8-2B36-4352-9F6B-810C3D7D7552}.Release|Any CPU.Build.0 = Release|Any CPU
		{566863A8-2B36-4352-9F6B-810C3D7D7552}.Release|x64.ActiveCfg = Release|Any CPU
		{566863A8-2B36-4352-9F6B-810C3D7D7552}.Release|x64.Build.0 = Release|Any CPU
		{566863A8-2B36-4352-9F6B-810C3D7D7552}.Release|x86.ActiveCfg = Release|Any CPU
		{566863A8-2B36-4352-9F6B-810C3D7D7552}.Release|x86.Build.0 = Release|Any CPU
		{E567114F-080A-4F6B-9214-BA89BB2C0D5E}.Debug|Any CPU.ActiveCfg = Debug|Any CPU
		{E567114F-080A-4F6B-9214-BA89BB2C0D5E}.Debug|Any CPU.Build.0 = Debug|Any CPU
		{E567114F-080A-4F6B-9214-BA89BB2C0D5E}.Debug|x64.ActiveCfg = Debug|Any CPU
		{E567114F-080A-4F6B-9214-BA89BB2C0D5E}.Debug|x64.Build.0 = Debug|Any CPU
		{E567114F-080A-4F6B-9214-BA89BB2C0D5E}.Debug|x86.ActiveCfg = Debug|Any CPU
		{E567114F-080A-4F6B-9214-BA89BB2C0D5E}.Debug|x86.Build.0 = Debug|Any CPU
		{E567114F-080A-4F6B-9214-BA89BB2C0D5E}.Release|Any CPU.ActiveCfg = Release|Any CPU
		{E567114F-080A-4F6B-9214-BA89BB2C0D5E}.Release|Any CPU.Build.0 = Release|Any CPU
		{E567114F-080A-4F6B-9214-BA89BB2C0D5E}.Release|x64.ActiveCfg = Release|Any CPU
		{E567114F-080A-4F6B-9214-BA89BB2C0D5E}.Release|x64.Build.0 = Release|Any CPU
		{E567114F-080A-4F6B-9214-BA89BB2C0D5E}.Release|x86.ActiveCfg = Release|Any CPU
		{E567114F-080A-4F6B-9214-BA89BB2C0D5E}.Release|x86.Build.0 = Release|Any CPU
		{782DE10A-0B97-4FB0-B7C2-59F4EB3E8CC0}.Debug|Any CPU.ActiveCfg = Debug|Any CPU
		{782DE10A-0B97-4FB0-B7C2-59F4EB3E8CC0}.Debug|Any CPU.Build.0 = Debug|Any CPU
		{782DE10A-0B97-4FB0-B7C2-59F4EB3E8CC0}.Debug|x64.ActiveCfg = Debug|Any CPU
		{782DE10A-0B97-4FB0-B7C2-59F4EB3E8CC0}.Debug|x64.Build.0 = Debug|Any CPU
		{782DE10A-0B97-4FB0-B7C2-59F4EB3E8CC0}.Debug|x86.ActiveCfg = Debug|Any CPU
		{782DE10A-0B97-4FB0-B7C2-59F4EB3E8CC0}.Debug|x86.Build.0 = Debug|Any CPU
		{782DE10A-0B97-4FB0-B7C2-59F4EB3E8CC0}.Release|Any CPU.ActiveCfg = Release|Any CPU
		{782DE10A-0B97-4FB0-B7C2-59F4EB3E8CC0}.Release|Any CPU.Build.0 = Release|Any CPU
		{782DE10A-0B97-4FB0-B7C2-59F4EB3E8CC0}.Release|x64.ActiveCfg = Release|Any CPU
		{782DE10A-0B97-4FB0-B7C2-59F4EB3E8CC0}.Release|x64.Build.0 = Release|Any CPU
		{782DE10A-0B97-4FB0-B7C2-59F4EB3E8CC0}.Release|x86.ActiveCfg = Release|Any CPU
		{782DE10A-0B97-4FB0-B7C2-59F4EB3E8CC0}.Release|x86.Build.0 = Release|Any CPU
		{81C27D13-0147-4A2E-B866-184B69EC5932}.Debug|Any CPU.ActiveCfg = Debug|Any CPU
		{81C27D13-0147-4A2E-B866-184B69EC5932}.Debug|Any CPU.Build.0 = Debug|Any CPU
		{81C27D13-0147-4A2E-B866-184B69EC5932}.Debug|x64.ActiveCfg = Debug|Any CPU
		{81C27D13-0147-4A2E-B866-184B69EC5932}.Debug|x64.Build.0 = Debug|Any CPU
		{81C27D13-0147-4A2E-B866-184B69EC5932}.Debug|x86.ActiveCfg = Debug|Any CPU
		{81C27D13-0147-4A2E-B866-184B69EC5932}.Debug|x86.Build.0 = Debug|Any CPU
		{81C27D13-0147-4A2E-B866-184B69EC5932}.Release|Any CPU.ActiveCfg = Release|Any CPU
		{81C27D13-0147-4A2E-B866-184B69EC5932}.Release|Any CPU.Build.0 = Release|Any CPU
		{81C27D13-0147-4A2E-B866-184B69EC5932}.Release|x64.ActiveCfg = Release|Any CPU
		{81C27D13-0147-4A2E-B866-184B69EC5932}.Release|x64.Build.0 = Release|Any CPU
		{81C27D13-0147-4A2E-B866-184B69EC5932}.Release|x86.ActiveCfg = Release|Any CPU
		{81C27D13-0147-4A2E-B866-184B69EC5932}.Release|x86.Build.0 = Release|Any CPU
		{FF8DC268-3CD7-4CF5-AB47-71371B4F2DB1}.Debug|Any CPU.ActiveCfg = Debug|Any CPU
		{FF8DC268-3CD7-4CF5-AB47-71371B4F2DB1}.Debug|Any CPU.Build.0 = Debug|Any CPU
		{FF8DC268-3CD7-4CF5-AB47-71371B4F2DB1}.Debug|x64.ActiveCfg = Debug|Any CPU
		{FF8DC268-3CD7-4CF5-AB47-71371B4F2DB1}.Debug|x64.Build.0 = Debug|Any CPU
		{FF8DC268-3CD7-4CF5-AB47-71371B4F2DB1}.Debug|x86.ActiveCfg = Debug|Any CPU
		{FF8DC268-3CD7-4CF5-AB47-71371B4F2DB1}.Debug|x86.Build.0 = Debug|Any CPU
		{FF8DC268-3CD7-4CF5-AB47-71371B4F2DB1}.Release|Any CPU.ActiveCfg = Release|Any CPU
		{FF8DC268-3CD7-4CF5-AB47-71371B4F2DB1}.Release|Any CPU.Build.0 = Release|Any CPU
		{FF8DC268-3CD7-4CF5-AB47-71371B4F2DB1}.Release|x64.ActiveCfg = Release|Any CPU
		{FF8DC268-3CD7-4CF5-AB47-71371B4F2DB1}.Release|x64.Build.0 = Release|Any CPU
		{FF8DC268-3CD7-4CF5-AB47-71371B4F2DB1}.Release|x86.ActiveCfg = Release|Any CPU
		{FF8DC268-3CD7-4CF5-AB47-71371B4F2DB1}.Release|x86.Build.0 = Release|Any CPU
		{80D44208-42FE-41BC-836A-3988D7A6DE6B}.Debug|Any CPU.ActiveCfg = Debug|Any CPU
		{80D44208-42FE-41BC-836A-3988D7A6DE6B}.Debug|Any CPU.Build.0 = Debug|Any CPU
		{80D44208-42FE-41BC-836A-3988D7A6DE6B}.Debug|x64.ActiveCfg = Debug|Any CPU
		{80D44208-42FE-41BC-836A-3988D7A6DE6B}.Debug|x64.Build.0 = Debug|Any CPU
		{80D44208-42FE-41BC-836A-3988D7A6DE6B}.Debug|x86.ActiveCfg = Debug|Any CPU
		{80D44208-42FE-41BC-836A-3988D7A6DE6B}.Debug|x86.Build.0 = Debug|Any CPU
		{80D44208-42FE-41BC-836A-3988D7A6DE6B}.Release|Any CPU.ActiveCfg = Release|Any CPU
		{80D44208-42FE-41BC-836A-3988D7A6DE6B}.Release|Any CPU.Build.0 = Release|Any CPU
		{80D44208-42FE-41BC-836A-3988D7A6DE6B}.Release|x64.ActiveCfg = Release|Any CPU
		{80D44208-42FE-41BC-836A-3988D7A6DE6B}.Release|x64.Build.0 = Release|Any CPU
		{80D44208-42FE-41BC-836A-3988D7A6DE6B}.Release|x86.ActiveCfg = Release|Any CPU
		{80D44208-42FE-41BC-836A-3988D7A6DE6B}.Release|x86.Build.0 = Release|Any CPU
		{40B3F2FC-3760-48AD-9F65-CF2D91CB4E98}.Debug|Any CPU.ActiveCfg = Debug|Any CPU
		{40B3F2FC-3760-48AD-9F65-CF2D91CB4E98}.Debug|Any CPU.Build.0 = Debug|Any CPU
		{40B3F2FC-3760-48AD-9F65-CF2D91CB4E98}.Debug|x64.ActiveCfg = Debug|Any CPU
		{40B3F2FC-3760-48AD-9F65-CF2D91CB4E98}.Debug|x64.Build.0 = Debug|Any CPU
		{40B3F2FC-3760-48AD-9F65-CF2D91CB4E98}.Debug|x86.ActiveCfg = Debug|Any CPU
		{40B3F2FC-3760-48AD-9F65-CF2D91CB4E98}.Debug|x86.Build.0 = Debug|Any CPU
		{40B3F2FC-3760-48AD-9F65-CF2D91CB4E98}.Release|Any CPU.ActiveCfg = Release|Any CPU
		{40B3F2FC-3760-48AD-9F65-CF2D91CB4E98}.Release|Any CPU.Build.0 = Release|Any CPU
		{40B3F2FC-3760-48AD-9F65-CF2D91CB4E98}.Release|x64.ActiveCfg = Release|Any CPU
		{40B3F2FC-3760-48AD-9F65-CF2D91CB4E98}.Release|x64.Build.0 = Release|Any CPU
		{40B3F2FC-3760-48AD-9F65-CF2D91CB4E98}.Release|x86.ActiveCfg = Release|Any CPU
		{40B3F2FC-3760-48AD-9F65-CF2D91CB4E98}.Release|x86.Build.0 = Release|Any CPU
	EndGlobalSection
	GlobalSection(SolutionProperties) = preSolution
		HideSolutionNode = FALSE
	EndGlobalSection
	GlobalSection(NestedProjects) = preSolution
		{81034408-37C8-1011-444E-4C15C2FADA8E} = {827E0CD3-B72D-47B6-A68D-7590B98EB39B}
		{95174849-F4F9-47F6-A7D8-6D3ECC11D6DF} = {81034408-37C8-1011-444E-4C15C2FADA8E}
		{30D79668-C19D-421E-AD90-D16BD310CF61} = {81034408-37C8-1011-444E-4C15C2FADA8E}
		{566863A8-2B36-4352-9F6B-810C3D7D7552} = {81034408-37C8-1011-444E-4C15C2FADA8E}
		{E567114F-080A-4F6B-9214-BA89BB2C0D5E} = {81034408-37C8-1011-444E-4C15C2FADA8E}
		{782DE10A-0B97-4FB0-B7C2-59F4EB3E8CC0} = {81034408-37C8-1011-444E-4C15C2FADA8E}
		{81C27D13-0147-4A2E-B866-184B69EC5932} = {0AB3BF05-4346-4AA6-1389-037BE0695223}
		{FF8DC268-3CD7-4CF5-AB47-71371B4F2DB1} = {0AB3BF05-4346-4AA6-1389-037BE0695223}
		{80D44208-42FE-41BC-836A-3988D7A6DE6B} = {0AB3BF05-4346-4AA6-1389-037BE0695223}
		{40B3F2FC-3760-48AD-9F65-CF2D91CB4E98} = {0AB3BF05-4346-4AA6-1389-037BE0695223}
	EndGlobalSection
	GlobalSection(ExtensibilityGlobals) = postSolution
		SolutionGuid = {FD723DFB-54C8-448C-888E-4FCA6370DC3C}
	EndGlobalSection
EndGlobal
